{
  "name": "mortgage-vendor-os-vercel-template",
  "version": "0.1.0",
  "lockfileVersion": 3,
  "requires": true,
  "packages": {
    "": {
      "name": "mortgage-vendor-os-vercel-template",
      "version": "0.1.0",
      "dependencies": {
        "mortgage-vendor-os": "file:../.."
      },
      "engines": {
        "node": ">=18"
      }
    },
    "node_modules/mortgage-vendor-os": {
      "version": "0.1.0",
      "resolved": "file:../..",
      "license": "MIT",
      "engines": {
        "node": ">=18"
      }
    }
  }
}
